# This file is automatically @generated by Cargo.
# It is not intended for manual editing.
version = 4

[[package]]
name = "hello_world"
version = "0.1.0"
dependencies = [
 "opensomeip",
]

[[package]]
name = "message"
version = "0.1.0"
dependencies = [
 "opensomeip",
]

[[package]]
name = "opensomeip"
version = "0.0.1"
source = "git+https://github.com/vtz/opensomeip-rs-bind?rev=aae17840a3b0a3336616f8abc5b84a5cf607ab46#aae17840a3b0a3336616f8abc5b84a5cf607ab46"
dependencies = [
 "opensomeip-sys",
]

[[package]]
name = "opensomeip-sys"
version = "0.0.1"
source = "git+https://github.com/vtz/opensomeip-rs-bind?rev=aae17840a3b0a3336616f8abc5b84a5cf607ab46#aae17840a3b0a3336616f8abc5b84a5cf607ab46"

[[package]]
name = "serialization"
version = "0.1.0"
dependencies = [
 "opensomeip",
]
